Microsoft Visual Studio Solution File, Format Version 11.00
# Visual Studio 2008

Project("{178586D7-0F69-EB72-833B-2F30F0070923}") = "GlobalGameJam16", "Assembly-CSharp.csproj", "{35E963EF-07A9-EE1C-F73D-8948B91E36EA}"
EndProject
Global
	GlobalSection(SolutionConfigurationPlatforms) = preSolution
		Debug|Any CPU = Debug|Any CPU
		Release|Any CPU = Release|Any CPU
	EndGlobalSection
	GlobalSection(ProjectConfigurationPlatforms) = postSolution
		{35E963EF-07A9-EE1C-F73D-8948B91E36EA}.Debug|Any CPU.ActiveCfg = Debug|Any CPU
		{35E963EF-07A9-EE1C-F73D-8948B91E36EA}.Debug|Any CPU.Build.0 = Debug|Any CPU
		{35E963EF-07A9-EE1C-F73D-8948B91E36EA}.Release|Any CPU.ActiveCfg = Release|Any CPU
		{35E963EF-07A9-EE1C-F73D-8948B91E36EA}.Release|Any CPU.Build.0 = Release|Any CPU
	EndGlobalSection
	GlobalSection(SolutionProperties) = preSolution
		HideSolutionNode = FALSE
	EndGlobalSection
	GlobalSection(MonoDevelopProperties) = preSolution
		StartupItem = Assembly-CSharp.csproj
	EndGlobalSection
EndGlobal
